<?xml version="1.0" encoding="utf-8"?>
<Project ToolsVersion="4.0" xmlns="http://schemas.microsoft.com/developer/msbuild/2003">
  <ItemGroup>
    <Filter Include="Source Files">
      <UniqueIdentifier>{4FC737F1-C7A5-4376-A066-2A32D752A2FF}</UniqueIdentifier>
      <Extensions>cpp;c;cc;cxx;def;odl;idl;hpj;bat;asm;asmx</Extensions>
    </Filter>
    <Filter Include="Header Files">
      <UniqueIdentifier>{93995380-89BD-4b04-88EB-625FBE52EBFB}</UniqueIdentifier>
      <Extensions>h;hh;hpp;hxx;hm;inl;inc;xsd</Extensions>
    </Filter>
    <Filter Include="Resource Files">
      <UniqueIdentifier>{67DA6AB6-F800-4c08-8B7A-83BB121AAD01}</UniqueIdentifier>
      <Extensions>rc;ico;cur;bmp;dlg;rc2;rct;bin;rgs;gif;jpg;jpeg;jpe;resx;tiff;tif;png;wav;mfcribbon-ms</Extensions>
    </Filter>
    <Filter Include="Resource Files\models">
      <UniqueIdentifier>{127b0b79-0d2a-43c3-986e-e16342c3d8fd}</UniqueIdentifier>
    </Filter>
    <Filter Include="Header Files\includes465">
      <UniqueIdentifier>{4b58cc35-6fec-4e1d-91dd-85d07f50c26b}</UniqueIdentifier>
    </Filter>
  </ItemGroup>
  <ItemGroup>
    <ClCompile Include="Missile.cpp">
      <Filter>Source Files</Filter>
    </ClCompile>
    <ClCompile Include="Moon.cpp">
      <Filter>Source Files</Filter>
    </ClCompile>
    <ClCompile Include="planet.cpp">
      <Filter>Source Files</Filter>
    </ClCompile>
    <ClCompile Include="Ruber_System.cpp">
      <Filter>Source Files</Filter>
    </ClCompile>
    <ClCompile Include="warship.cpp">
      <Filter>Source Files</Filter>
    </ClCompile>
  </ItemGroup>
  <ItemGroup>
    <ClInclude Include="resource.h">
      <Filter>Header Files</Filter>
    </ClInclude>
    <ClInclude Include="includes465\glmUtils465.hpp">
      <Filter>Header Files\includes465</Filter>
    </ClInclude>
    <ClInclude Include="includes465\include465.hpp">
      <Filter>Header Files\includes465</Filter>
    </ClInclude>
    <ClInclude Include="includes465\shader465.hpp">
      <Filter>Header Files\includes465</Filter>
    </ClInclude>
    <ClInclude Include="includes465\texture.hpp">
      <Filter>Header Files\includes465</Filter>
    </ClInclude>
    <ClInclude Include="includes465\triModel465.hpp">
      <Filter>Header Files\includes465</Filter>
    </ClInclude>
  </ItemGroup>
  <ItemGroup>
    <None Include="models\duo.tri">
      <Filter>Resource Files\models</Filter>
    </None>
    <None Include="models\missile.tri">
      <Filter>Resource Files\models</Filter>
    </None>
    <None Include="models\primus.tri">
      <Filter>Resource Files\models</Filter>
    </None>
    <None Include="models\ruber.tri">
      <Filter>Resource Files\models</Filter>
    </None>
    <None Include="models\secundus.tri">
      <Filter>Resource Files\models</Filter>
    </None>
    <None Include="models\unum.tri">
      <Filter>Resource Files\models</Filter>
    </None>
    <None Include="models\warship.tri">
      <Filter>Resource Files\models</Filter>
    </None>
  </ItemGroup>
</Project>